<?xml version="1.0" encoding="utf-8"?>
<Project ToolsVersion="4.0" xmlns="http://schemas.microsoft.com/developer/msbuild/2003">
  <ItemGroup>
    <Filter Include="Source Files">
      <UniqueIdentifier>{4FC737F1-C7A5-4376-A066-2A32D752A2FF}</UniqueIdentifier>
      <Extensions>cpp;c;cc;cxx;def;odl;idl;hpj;bat;asm;asmx</Extensions>
    </Filter>
    <Filter Include="Header Files">
      <UniqueIdentifier>{93995380-89BD-4b04-88EB-625FBE52EBFB}</UniqueIdentifier>
      <Extensions>h;hh;hpp;hxx;hm;inl;inc;xsd</Extensions>
    </Filter>
  </ItemGroup>
  <ItemGroup>
    <ClInclude Include="stdafx.h">
      <Filter>Header Files</Filter>
    </ClInclude>
    <ClInclude Include="Button.h">
      <Filter>Header Files</Filter>
    </ClInclude>
    <ClInclude Include="Game.h">
      <Filter>Header Files</Filter>
    </ClInclude>
    <ClInclude Include="IStateManager.h">
      <Filter>Header Files</Filter>
    </ClInclude>
    <ClInclude Include="MenuStateManager.h">
      <Filter>Header Files</Filter>
    </ClInclude>
    <ClInclude Include="BaseStateManager.h">
      <Filter>Header Files</Filter>
    </ClInclude>
    <ClInclude Include="ILayout.h">
      <Filter>Header Files</Filter>
    </ClInclude>
    <ClInclude Include="BaseLayout.h">
      <Filter>Header Files</Filter>
    </ClInclude>
    <ClInclude Include="IGuiElement.h">
      <Filter>Header Files</Filter>
    </ClInclude>
    <ClInclude Include="BaseGuiElement.h">
      <Filter>Header Files</Filter>
    </ClInclude>
    <ClInclude Include="ColumnMaker.h">
      <Filter>Header Files</Filter>
    </ClInclude>
    <ClInclude Include="EnumScreenFields.h">
      <Filter>Header Files</Filter>
    </ClInclude>
    <ClInclude Include="RectangleObject.h">
      <Filter>Header Files</Filter>
    </ClInclude>
    <ClInclude Include="MenuLayout.h">
      <Filter>Header Files</Filter>
    </ClInclude>
    <ClInclude Include="RowMaker.h">
      <Filter>Header Files</Filter>
    </ClInclude>
    <ClInclude Include="ButtonObject.h">
      <Filter>Header Files</Filter>
    </ClInclude>
    <ClInclude Include="FontProvider.h">
      <Filter>Header Files</Filter>
    </ClInclude>
    <ClInclude Include="ICallback.h">
      <Filter>Header Files</Filter>
    </ClInclude>
    <ClInclude Include="CloseWindowCallback.h">
      <Filter>Header Files</Filter>
    </ClInclude>
    <ClInclude Include="PlayStateManager.h">
      <Filter>Header Files</Filter>
    </ClInclude>
    <ClInclude Include="PlayLayout.h">
      <Filter>Header Files</Filter>
    </ClInclude>
    <ClInclude Include="StateOperator.h">
      <Filter>Header Files</Filter>
    </ClInclude>
    <ClInclude Include="IStateOperator.h">
      <Filter>Header Files</Filter>
    </ClInclude>
    <ClInclude Include="PlayCallback.h">
      <Filter>Header Files</Filter>
    </ClInclude>
    <ClInclude Include="MenuCallback.h">
      <Filter>Header Files</Filter>
    </ClInclude>
    <ClInclude Include="DeckCallback.h">
      <Filter>Header Files</Filter>
    </ClInclude>
    <ClInclude Include="DeckStateManager.h">
      <Filter>Header Files</Filter>
    </ClInclude>
    <ClInclude Include="DeckLayout.h">
      <Filter>Header Files</Filter>
    </ClInclude>
    <ClInclude Include="Utils.h">
      <Filter>Header Files</Filter>
    </ClInclude>
    <ClInclude Include="ICard.h">
      <Filter>Header Files</Filter>
    </ClInclude>
    <ClInclude Include="BaseCard.h">
      <Filter>Header Files</Filter>
    </ClInclude>
    <ClInclude Include="ICardModel.h">
      <Filter>Header Files</Filter>
    </ClInclude>
    <ClInclude Include="PreviewCard.h">
      <Filter>Header Files</Filter>
    </ClInclude>
    <ClInclude Include="EnumCardName.h">
      <Filter>Header Files</Filter>
    </ClInclude>
    <ClInclude Include="CardFactory.h">
      <Filter>Header Files</Filter>
    </ClInclude>
    <ClInclude Include="CardModels.h">
      <Filter>Header Files</Filter>
    </ClInclude>
    <ClInclude Include="BaseCardModel.h">
      <Filter>Header Files</Filter>
    </ClInclude>
    <ClInclude Include="ShuffleStateManager.h">
      <Filter>Header Files</Filter>
    </ClInclude>
    <ClInclude Include="IngameStateManager.h">
      <Filter>Header Files</Filter>
    </ClInclude>
    <ClInclude Include="EndgameStateManager.h">
      <Filter>Header Files</Filter>
    </ClInclude>
    <ClInclude Include="GenerateCards.h">
      <Filter>Header Files</Filter>
    </ClInclude>
  </ItemGroup>
  <ItemGroup>
    <ClCompile Include="stdafx.cpp">
      <Filter>Source Files</Filter>
    </ClCompile>
    <ClCompile Include="SFMLSampleGame.cpp">
      <Filter>Source Files</Filter>
    </ClCompile>
    <ClCompile Include="Button.cpp">
      <Filter>Source Files</Filter>
    </ClCompile>
    <ClCompile Include="Game.cpp">
      <Filter>Source Files</Filter>
    </ClCompile>
    <ClCompile Include="MenuStateManager.cpp">
      <Filter>Source Files</Filter>
    </ClCompile>
    <ClCompile Include="BaseLayout.cpp">
      <Filter>Source Files</Filter>
    </ClCompile>
    <ClCompile Include="BaseGuiElement.cpp">
      <Filter>Source Files</Filter>
    </ClCompile>
    <ClCompile Include="ColumnMaker.cpp">
      <Filter>Source Files</Filter>
    </ClCompile>
    <ClCompile Include="RectangleObject.cpp">
      <Filter>Source Files</Filter>
    </ClCompile>
    <ClCompile Include="MenuLayout.cpp">
      <Filter>Source Files</Filter>
    </ClCompile>
    <ClCompile Include="RowMaker.cpp">
      <Filter>Source Files</Filter>
    </ClCompile>
    <ClCompile Include="ButtonObject.cpp">
      <Filter>Source Files</Filter>
    </ClCompile>
    <ClCompile Include="FontProvider.cpp">
      <Filter>Source Files</Filter>
    </ClCompile>
    <ClCompile Include="CloseWindowCallback.cpp">
      <Filter>Source Files</Filter>
    </ClCompile>
    <ClCompile Include="PlayStateManager.cpp">
      <Filter>Source Files</Filter>
    </ClCompile>
    <ClCompile Include="PlayLayout.cpp">
      <Filter>Source Files</Filter>
    </ClCompile>
    <ClCompile Include="PlayCallback.cpp">
      <Filter>Source Files</Filter>
    </ClCompile>
    <ClCompile Include="MenuCallback.cpp">
      <Filter>Source Files</Filter>
    </ClCompile>
    <ClCompile Include="DeckCallback.cpp">
      <Filter>Source Files</Filter>
    </ClCompile>
    <ClCompile Include="DeckStateManager.cpp">
      <Filter>Source Files</Filter>
    </ClCompile>
    <ClCompile Include="DeckLayout.cpp">
      <Filter>Source Files</Filter>
    </ClCompile>
    <ClCompile Include="Utils.cpp">
      <Filter>Source Files</Filter>
    </ClCompile>
    <ClCompile Include="BaseCard.cpp">
      <Filter>Source Files</Filter>
    </ClCompile>
    <ClCompile Include="PreviewCard.cpp">
      <Filter>Source Files</Filter>
    </ClCompile>
    <ClCompile Include="CardFactory.cpp">
      <Filter>Source Files</Filter>
    </ClCompile>
    <ClCompile Include="CardModels.cpp">
      <Filter>Source Files</Filter>
    </ClCompile>
    <ClCompile Include="BaseCardModel.cpp">
      <Filter>Source Files</Filter>
    </ClCompile>
    <ClCompile Include="ShuffleStateManager.cpp">
      <Filter>Source Files</Filter>
    </ClCompile>
    <ClCompile Include="IngameStateManager.cpp">
      <Filter>Source Files</Filter>
    </ClCompile>
    <ClCompile Include="EndgameStateManager.cpp">
      <Filter>Source Files</Filter>
    </ClCompile>
    <ClCompile Include="GenerateCards.cpp">
      <Filter>Source Files</Filter>
    </ClCompile>
  </ItemGroup>
</Project>